{
  "version": 4,
  "terraform_version": "1.5.0",
  "serial": 13,
  "lineage": "38abcae1-db47-4533-e1ff-e5cf0bc99519",
  "outputs": {},
  "resources": [
    {
      "mode": "managed",
      "type": "aws_iam_policy",
      "name": "coinbase_policy",
      "provider": "provider[\"registry.terraform.io/hashicorp/aws\"]",
      "instances": [
        {
          "schema_version": 0,
          "attributes": {
            "arn": "arn:aws:iam::339712878512:policy/coinbase_policy",
            "attachment_count": 1,
            "description": "Policy granting access to the S3 bucket, Redshift cluster, and RDS PostgreSQL instance",
            "id": "arn:aws:iam::339712878512:policy/coinbase_policy",
            "name": "coinbase_policy",
            "name_prefix": "",
            "path": "/",
            "policy": "{\"Statement\":[{\"Action\":[\"s3:*\",\"redshift:*\",\"rds:*\"],\"Effect\":\"Allow\",\"Resource\":\"*\"}],\"Version\":\"2012-10-17\"}",
            "policy_id": "ANPAU6GDXE6YIGBPZT7LV",
            "tags": {},
            "tags_all": {}
          },
          "sensitive_attributes": [],
          "private": "bnVsbA=="
        }
      ]
    },
    {
      "mode": "managed",
      "type": "aws_iam_role",
      "name": "coinbase_role",
      "provider": "provider[\"registry.terraform.io/hashicorp/aws\"]",
      "instances": [
        {
          "schema_version": 0,
          "attributes": {
            "arn": "arn:aws:iam::339712878512:role/coinbase_role",
            "assume_role_policy": "{\"Statement\":[{\"Action\":\"sts:AssumeRole\",\"Effect\":\"Allow\",\"Principal\":{\"Service\":\"redshift.amazonaws.com\"}}],\"Version\":\"2012-10-17\"}",
            "create_date": "2024-05-04T19:41:06Z",
            "description": "",
            "force_detach_policies": false,
            "id": "coinbase_role",
            "inline_policy": [],
            "managed_policy_arns": [],
            "max_session_duration": 3600,
            "name": "coinbase_role",
            "name_prefix": "",
            "path": "/",
            "permissions_boundary": "",
            "tags": {},
            "tags_all": {},
            "unique_id": "AROAU6GDXE6YMXVGY5AIH"
          },
          "sensitive_attributes": [],
          "private": "bnVsbA=="
        }
      ]
    },
    {
      "mode": "managed",
      "type": "aws_iam_user",
      "name": "coinbase_user",
      "provider": "provider[\"registry.terraform.io/hashicorp/aws\"]",
      "instances": [
        {
          "schema_version": 0,
          "attributes": {
            "arn": "arn:aws:iam::339712878512:user/coinbase_user",
            "force_destroy": false,
            "id": "coinbase_user",
            "name": "coinbase_user",
            "path": "/",
            "permissions_boundary": "",
            "tags": {},
            "tags_all": {},
            "unique_id": "AIDAU6GDXE6YD3BMOVOPG"
          },
          "sensitive_attributes": [],
          "private": "bnVsbA=="
        }
      ]
    },
    {
      "mode": "managed",
      "type": "aws_iam_user_policy_attachment",
      "name": "coinbase_attachment",
      "provider": "provider[\"registry.terraform.io/hashicorp/aws\"]",
      "instances": [
        {
          "schema_version": 0,
          "attributes": {
            "id": "coinbase_user-20240504194107226800000001",
            "policy_arn": "arn:aws:iam::339712878512:policy/coinbase_policy",
            "user": "coinbase_user"
          },
          "sensitive_attributes": [],
          "private": "bnVsbA==",
          "dependencies": [
            "aws_iam_policy.coinbase_policy",
            "aws_iam_user.coinbase_user"
          ]
        }
      ]
    },
    {
      "mode": "managed",
      "type": "aws_redshift_cluster",
      "name": "coinbase_cluster",
      "provider": "provider[\"registry.terraform.io/hashicorp/aws\"]",
      "instances": [
        {
          "schema_version": 0,
          "attributes": {
            "allow_version_upgrade": true,
            "apply_immediately": false,
            "aqua_configuration_status": "auto",
            "arn": "arn:aws:redshift:us-east-1:339712878512:cluster:coinbase-cluster",
            "automated_snapshot_retention_period": 1,
            "availability_zone": "us-east-1e",
            "availability_zone_relocation_enabled": false,
            "cluster_identifier": "coinbase-cluster",
            "cluster_namespace_arn": "arn:aws:redshift:us-east-1:339712878512:namespace:a9b0e218-f0dd-4b97-9628-c5d866bdd538",
            "cluster_nodes": [
              {
                "node_role": "SHARED",
                "private_ip_address": "172.31.60.152",
                "public_ip_address": "34.206.176.165"
              }
            ],
            "cluster_parameter_group_name": "default.redshift-1.0",
            "cluster_public_key": "ssh-rsa AAAAB3NzaC1yc2EAAAADAQABAAABAQCSOUoAVx/ELggpHtRNCTL3rSu537kgoPDcLJsoLRncAdlqnmfeWzxFYXCcqRJJ5zy5kdyped6NaVbUFSU/T/ruZiaQatpCKXFgV+lP+6/jW+iX0o0pC3IwTUJBUPxa3pjSuxG2hEkql3HV5id9cGKKAOSMdUgzdtV068gong91QjdWcH6iWBmpIgNP9L8MQC6sc3dbJfjw+EvWQ/PFPRoI7qSjwaBrFLpfIRQ5roZZ247I/0eZHmO0rr5LvrEp0oz7BHBgqStEPiqHCHByDb0SJRW5pnsuCODFXKpaMHOmkaEaBZEUnyXYLlda1YFcFcSZTu9DJRJCYKx1ABEGil+L Amazon-Redshift\n",
            "cluster_revision_number": "66954",
            "cluster_subnet_group_name": "default",
            "cluster_type": "single-node",
            "cluster_version": "1.0",
            "database_name": "coinbasedb",
            "default_iam_role_arn": "",
            "dns_name": "coinbase-cluster.c6ks42ml1neu.us-east-1.redshift.amazonaws.com",
            "elastic_ip": null,
            "encrypted": false,
            "endpoint": "coinbase-cluster.c6ks42ml1neu.us-east-1.redshift.amazonaws.com:5439",
            "enhanced_vpc_routing": false,
            "final_snapshot_identifier": null,
            "iam_roles": [
              "arn:aws:iam::339712878512:role/coinbase_role"
            ],
            "id": "coinbase-cluster",
            "kms_key_id": "",
            "logging": [
              {
                "bucket_name": "",
                "enable": false,
                "log_destination_type": "",
                "log_exports": [],
                "s3_key_prefix": ""
              }
            ],
            "maintenance_track_name": "current",
            "manage_master_password": null,
            "manual_snapshot_retention_period": -1,
            "master_password": "Greatness663",
            "master_password_secret_arn": "",
            "master_password_secret_kms_key_id": "",
            "master_username": "coinbase",
            "multi_az": false,
            "node_type": "dc2.large",
            "number_of_nodes": 1,
            "owner_account": null,
            "port": 5439,
            "preferred_maintenance_window": "sun:10:00-sun:10:30",
            "publicly_accessible": true,
            "skip_final_snapshot": false,
            "snapshot_arn": null,
            "snapshot_cluster_identifier": null,
            "snapshot_copy": [],
            "snapshot_identifier": null,
            "tags": null,
            "tags_all": {},
            "timeouts": null,
            "vpc_security_group_ids": [
              "sg-082aef20799d008db"
            ]
          },
          "sensitive_attributes": [],
          "private": "eyJlMmJmYjczMC1lY2FhLTExZTYtOGY4OC0zNDM2M2JjN2M0YzAiOnsiY3JlYXRlIjo0NTAwMDAwMDAwMDAwLCJkZWxldGUiOjI0MDAwMDAwMDAwMDAsInVwZGF0ZSI6NDUwMDAwMDAwMDAwMH19",
          "dependencies": [
            "aws_iam_role.coinbase_role",
            "aws_security_group.coinbase_sg"
          ]
        }
      ]
    },
    {
      "mode": "managed",
      "type": "aws_s3_bucket_acl",
      "name": "coinbase_bucket_acl",
      "provider": "provider[\"registry.terraform.io/hashicorp/aws\"]",
      "instances": []
    },
    {
      "mode": "managed",
      "type": "aws_security_group",
      "name": "coinbase_sg",
      "provider": "provider[\"registry.terraform.io/hashicorp/aws\"]",
      "instances": [
        {
          "schema_version": 1,
          "attributes": {
            "arn": "arn:aws:ec2:us-east-1:339712878512:security-group/sg-082aef20799d008db",
            "description": "Security group for Redshift cluster and RDS PostgreSQL instance",
            "egress": [
              {
                "cidr_blocks": [
                  "0.0.0.0/0"
                ],
                "description": "",
                "from_port": 0,
                "ipv6_cidr_blocks": [],
                "prefix_list_ids": [],
                "protocol": "-1",
                "security_groups": [],
                "self": false,
                "to_port": 0
              }
            ],
            "id": "sg-082aef20799d008db",
            "ingress": [
              {
                "cidr_blocks": [
                  "0.0.0.0/0"
                ],
                "description": "",
                "from_port": 0,
                "ipv6_cidr_blocks": [],
                "prefix_list_ids": [],
                "protocol": "-1",
                "security_groups": [],
                "self": false,
                "to_port": 0
              }
            ],
            "name": "coinbase_sg",
            "name_prefix": "",
            "owner_id": "339712878512",
            "revoke_rules_on_delete": false,
            "tags": {},
            "tags_all": {},
            "timeouts": null,
            "vpc_id": "vpc-0ce48a7920a2a2eab"
          },
          "sensitive_attributes": [],
          "private": "eyJlMmJmYjczMC1lY2FhLTExZTYtOGY4OC0zNDM2M2JjN2M0YzAiOnsiY3JlYXRlIjo2MDAwMDAwMDAwMDAsImRlbGV0ZSI6OTAwMDAwMDAwMDAwfSwic2NoZW1hX3ZlcnNpb24iOiIxIn0="
        }
      ]
    }
  ],
  "check_results": null
}
